
Microsoft Visual Studio Solution File, Format Version 12.00
# Visual Studio Version 17
VisualStudioVersion = 17.3.32922.545
MinimumVisualStudioVersion = 10.0.40219.1
Project("{FAE04EC0-301F-11D3-BF4B-00C04F79EFBC}") = "NZ.API", "NZ.API\NZ.API.csproj", "{FCCD121F-0A11-4637-AC6E-BF497C2265E4}"
EndProject
Global
	GlobalSection(SolutionConfigurationPlatforms) = preSolution
		Debug|Any CPU = Debug|Any CPU
		Release|Any CPU = Release|Any CPU
	EndGlobalSection
	GlobalSection(ProjectConfigurationPlatforms) = postSolution
		{FCCD121F-0A11-4637-AC6E-BF497C2265E4}.Debug|Any CPU.ActiveCfg = Debug|Any CPU
		{FCCD121F-0A11-4637-AC6E-BF497C2265E4}.Debug|Any CPU.Build.0 = Debug|Any CPU
		{FCCD121F-0A11-4637-AC6E-BF497C2265E4}.Release|Any CPU.ActiveCfg = Release|Any CPU
		{FCCD121F-0A11-4637-AC6E-BF497C2265E4}.Release|Any CPU.Build.0 = Release|Any CPU
	EndGlobalSection
	GlobalSection(SolutionProperties) = preSolution
		HideSolutionNode = FALSE
	EndGlobalSection
	GlobalSection(ExtensibilityGlobals) = postSolution
		SolutionGuid = {2F8EE96A-38B8-446D-BB32-E7BDDA33E811}
	EndGlobalSection
EndGlobal
